
Microsoft Visual Studio Solution File, Format Version 12.00
# Visual Studio Version 17
VisualStudioVersion = 17.14.36518.9 d17.14
MinimumVisualStudioVersion = 10.0.40219.1
Project("{FAE04EC0-301F-11D3-BF4B-00C04F79EFBC}") = "Praktik_7.1_fungsi", "Praktik_7.1_fungsi\Praktik_7.1_fungsi.csproj", "{1C79B8FC-DA83-401A-837A-47FEBB53A708}"
EndProject
Global
	GlobalSection(SolutionConfigurationPlatforms) = preSolution
		Debug|Any CPU = Debug|Any CPU
		Release|Any CPU = Release|Any CPU
	EndGlobalSection
	GlobalSection(ProjectConfigurationPlatforms) = postSolution
		{1C79B8FC-DA83-401A-837A-47FEBB53A708}.Debug|Any CPU.ActiveCfg = Debug|Any CPU
		{1C79B8FC-DA83-401A-837A-47FEBB53A708}.Debug|Any CPU.Build.0 = Debug|Any CPU
		{1C79B8FC-DA83-401A-837A-47FEBB53A708}.Release|Any CPU.ActiveCfg = Release|Any CPU
		{1C79B8FC-DA83-401A-837A-47FEBB53A708}.Release|Any CPU.Build.0 = Release|Any CPU
	EndGlobalSection
	GlobalSection(SolutionProperties) = preSolution
		HideSolutionNode = FALSE
	EndGlobalSection
	GlobalSection(ExtensibilityGlobals) = postSolution
		SolutionGuid = {80E21729-D7EE-49A2-959F-EEAE13117B98}
	EndGlobalSection
EndGlobal
